# THIS IS AN AUTOGENERATED FILE. DO NOT EDIT THIS FILE DIRECTLY.
# yarn lockfile v1


automerge@^0.12.1:
  version "0.12.1"
  resolved "https://registry.npmjs.org/automerge/-/automerge-0.12.1.tgz#8e8ca23affa888c6376ee19068eab573cfa8ba09"
  integrity sha512-7JOiRk4b6EP/Uj0AjmZTeYICXJmBRHFkL0U3mlTNXuDlUr3c4v/Wb8v0RXiX4UuVgGjkovcjOdiBMkVmzdu2KQ==
  dependencies:
    immutable "^3.8.2"
    transit-immutable-js "^0.7.0"
    transit-js "^0.8.861"
    uuid "3.3.2"

immutable@^3.8.2:
  version "3.8.2"
  resolved "https://registry.npmjs.org/immutable/-/immutable-3.8.2.tgz#c2439951455bb39913daf281376f1530e104adf3"
  integrity sha1-wkOZUUVbs5kT2vKBN28VMOEErfM=

isomorphic.js@^0.1.3:
  version "0.1.3"
  resolved "https://registry.npmjs.org/isomorphic.js/-/isomorphic.js-0.1.3.tgz#b2956e14be3bc10efb5fe80e6b5bebc16e1deeca"
  integrity sha512-pabBRLDwYefSsNS+qCazJ97o7P5xDTrNoxSYFTM09JlZTxPrOEPGKekwqUy3/Np4C4PHnVUXHYsZPOix0jELsA==

lib0@^0.2.12:
  version "0.2.14"
  resolved "https://registry.npmjs.org/lib0/-/lib0-0.2.14.tgz#5d769099e6c79977dea89e672f28a72acf0a7aba"
  integrity sha512-7xIu/6U1+xQt7dXJZC6qBhTZ6Dm0Hf8hGu09oKHk4V4I0LJASqtCW13Wsr+qvEIZ2Wa5H0U4NnjgTwCNo6MroQ==
  dependencies:
    isomorphic.js "^0.1.3"

transit-immutable-js@^0.7.0:
  version "0.7.0"
  resolved "https://registry.npmjs.org/transit-immutable-js/-/transit-immutable-js-0.7.0.tgz#993e25089b6311ff402140f556276d6d253005d9"
  integrity sha1-mT4lCJtjEf9AIUD1VidtbSUwBdk=

transit-js@^0.8.861:
  version "0.8.861"
  resolved "https://registry.npmjs.org/transit-js/-/transit-js-0.8.861.tgz#829e516b80349a41fff5d59f5e6993b5473f72c9"
  integrity sha512-4O9OrYPZw6C0M5gMTvaeOp+xYz6EF79JsyxIvqXHlt+pisSrioJWFOE80N8aCPoJLcNaXF442RZrVtdmd4wkDQ==

uuid@3.3.2:
  version "3.3.2"
  resolved "https://registry.npmjs.org/uuid/-/uuid-3.3.2.tgz#1b4af4955eb3077c501c23872fc6513811587131"
  integrity sha512-yXJmeNaw3DnnKAOKJE51sL/ZaYfWJRl1pK9dr19YFCu0ObS231AB1/LbqTKRAQ5kw8A90rA6fr4riOUpTZvQZA==

yjs@^13.0.4:
  version "13.0.4"
  resolved "https://registry.npmjs.org/yjs/-/yjs-13.0.4.tgz#2c768ce94430a84d9801854826f2694d7665fc31"
  integrity sha512-baMC0LCS1V1qYQimDmpfevaQNgClpGUM0D56L9R38o0nkhY50P2WQm54t3WVSt5sL8QMcRJUmHu+QXtyNHPziQ==
  dependencies:
    lib0 "^0.2.12"
